
Microsoft Visual Studio Solution File, Format Version 12.00
# Visual Studio Version 17
VisualStudioVersion = 17.11.35303.130
MinimumVisualStudioVersion = 10.0.40219.1
Project("{FAE04EC0-301F-11D3-BF4B-00C04F79EFBC}") = "Backup", "Backup\Backup.csproj", "{DE40062F-836B-49BC-84E4-029BAEE589E8}"
EndProject
Global
	GlobalSection(SolutionConfigurationPlatforms) = preSolution
		Debug|Any CPU = Debug|Any CPU
		Release|Any CPU = Release|Any CPU
	EndGlobalSection
	GlobalSection(ProjectConfigurationPlatforms) = postSolution
		{DE40062F-836B-49BC-84E4-029BAEE589E8}.Debug|Any CPU.ActiveCfg = Debug|Any CPU
		{DE40062F-836B-49BC-84E4-029BAEE589E8}.Debug|Any CPU.Build.0 = Debug|Any CPU
		{DE40062F-836B-49BC-84E4-029BAEE589E8}.Release|Any CPU.ActiveCfg = Release|Any CPU
		{DE40062F-836B-49BC-84E4-029BAEE589E8}.Release|Any CPU.Build.0 = Release|Any CPU
	EndGlobalSection
	GlobalSection(SolutionProperties) = preSolution
		HideSolutionNode = FALSE
	EndGlobalSection
	GlobalSection(ExtensibilityGlobals) = postSolution
		SolutionGuid = {3B688B75-1CFE-4E3E-9BAA-E2D2D9075FD6}
	EndGlobalSection
EndGlobal
